
Microsoft Visual Studio Solution File, Format Version 12.00
# Visual Studio Version 17
VisualStudioVersion = 17.4.33403.182
MinimumVisualStudioVersion = 10.0.40219.1
Project("{FAE04EC0-301F-11D3-BF4B-00C04F79EFBC}") = "WebApplication2", "WebApplication2\WebApplication2.csproj", "{73C9B2A2-67D8-4F8A-9C61-8BF7724C181A}"
EndProject
Global
	GlobalSection(SolutionConfigurationPlatforms) = preSolution
		Debug|Any CPU = Debug|Any CPU
		Release|Any CPU = Release|Any CPU
	EndGlobalSection
	GlobalSection(ProjectConfigurationPlatforms) = postSolution
		{73C9B2A2-67D8-4F8A-9C61-8BF7724C181A}.Debug|Any CPU.ActiveCfg = Debug|Any CPU
		{73C9B2A2-67D8-4F8A-9C61-8BF7724C181A}.Debug|Any CPU.Build.0 = Debug|Any CPU
		{73C9B2A2-67D8-4F8A-9C61-8BF7724C181A}.Release|Any CPU.ActiveCfg = Release|Any CPU
		{73C9B2A2-67D8-4F8A-9C61-8BF7724C181A}.Release|Any CPU.Build.0 = Release|Any CPU
	EndGlobalSection
	GlobalSection(SolutionProperties) = preSolution
		HideSolutionNode = FALSE
	EndGlobalSection
	GlobalSection(ExtensibilityGlobals) = postSolution
		SolutionGuid = {4CB5284B-0A12-491E-8248-BA27BA416F2F}
	EndGlobalSection
EndGlobal
